github.com/creack/goselect v0.1.2 h1:2DNy14+JPjRBgPzAd1thbQp4BSIihxcBf0IXhQXDRa0=
github.com/creack/goselect v0.1.2/go.mod h1:a/NhLweNvqIYMuxcMOuWY516Cimucms3DglDzQP3hKY=
go.bug.st/serial v1.6.4 h1:7FmqNPgVp3pu2Jz5PoPtbZ9jJO5gnEnZIvnI1lzve8A=
go.bug.st/serial v1.6.4/go.mod h1:nofMJxTeNVny/m6+KaafC6vJGj3miwQZ6vW4BZUGJPI=
golang.org/x/sys v0.48.0 h1:bbX/i/6MgT9BVLM9RT1thmxL04yeTAhbEz4SyadbXoo=
golang.org/x/sys v0.48.0/go.mod h1:hNLxWAXmnKAxqDtdwIYC4bM9oQPEecfsnNMuSxOs3og=
